{
  "nodes": {
    "chipwhisperer": {
      "flake": false,
      "locked": {
        "lastModified": 1659481178,
        "narHash": "sha256-dKwCZ2fxL0DvOsJpwSbQQ75W+3HIM8tZEiiPgBCuB4Q=",
        "owner": "newaetech",
        "repo": "chipwhisperer",
        "rev": "3009ec502fc9dd0de0fa0f3d5b7a6d85bcdcfb4e",
        "type": "github"
      },
      "original": {
        "owner": "newaetech",
        "repo": "chipwhisperer",
        "type": "github"
      }
    },
    "chipwhisperer-jupyter": {
      "flake": false,
      "locked": {
        "lastModified": 1658767691,
        "narHash": "sha256-CgkMEk7MSzCQvw/2YJAWJs7b47DwzIkCUfreLhIRNkk=",
        "owner": "newaetech",
        "repo": "chipwhisperer-jupyter",
        "rev": "0755a2ef6940cfb1401094bbcb28f58e778af7d1",
        "type": "github"
      },
      "original": {
        "owner": "newaetech",
        "repo": "chipwhisperer-jupyter",
        "type": "github"
      }
    },
    "flake-utils": {
      "locked": {
        "lastModified": 1656928814,
        "narHash": "sha256-RIFfgBuKz6Hp89yRr7+NR5tzIAbn52h8vT6vXkYjZoM=",
        "owner": "numtide",
        "repo": "flake-utils",
        "rev": "7e2a3b3dfd9af950a856d66b0a7d01e3c18aa249",
        "type": "github"
      },
      "original": {
        "owner": "numtide",
        "repo": "flake-utils",
        "type": "github"
      }
    },
    "nixpkgs": {
      "locked": {
        "lastModified": 1658321858,
        "narHash": "sha256-2f5NzHbi1NLSYnDg6cRu25B+XRxqngicvggg+0GgKHI=",
        "owner": "NixOS",
        "repo": "nixpkgs",
        "rev": "26fe7618c7efbbfe28db9a52a21fb87e67ebaf06",
        "type": "github"
      },
      "original": {
        "id": "nixpkgs",
        "ref": "nixos-22.05",
        "type": "indirect"
      }
    },
    "nptyping": {
      "flake": false,
      "locked": {
        "lastModified": 1656253739,
        "narHash": "sha256-7nUExWuPLhXFrcm2yfId9OZBkD1tRMlmxhqCTtj99Lk=",
        "owner": "ramonhagenaars",
        "repo": "nptyping",
        "rev": "260da2696fbf9172658d3c4363bfb50478b9068b",
        "type": "github"
      },
      "original": {
        "owner": "ramonhagenaars",
        "ref": "v2.2.0",
        "repo": "nptyping",
        "type": "github"
      }
    },
    "pyright": {
      "flake": false,
      "locked": {
        "lastModified": 1658884672,
        "narHash": "sha256-y1aWhnBPFZIYUedcRftygXYLpo6uwgBShCDSzPhndY8=",
        "owner": "RobertCraigie",
        "repo": "pyright-python",
        "rev": "b4bd5226363c7637d2a484e776e3ffee00e39f0f",
        "type": "github"
      },
      "original": {
        "owner": "RobertCraigie",
        "ref": "v1.1.264",
        "repo": "pyright-python",
        "type": "github"
      }
    },
    "root": {
      "inputs": {
        "chipwhisperer": "chipwhisperer",
        "chipwhisperer-jupyter": "chipwhisperer-jupyter",
        "flake-utils": "flake-utils",
        "nixpkgs": "nixpkgs",
        "nptyping": "nptyping",
        "pyright": "pyright",
        "sphinx-autodoc-typehints": "sphinx-autodoc-typehints",
        "sphinxcontrib-images": "sphinxcontrib-images",
        "sphobjinv": "sphobjinv",
        "stdio-mgr": "stdio-mgr"
      }
    },
    "sphinx-autodoc-typehints": {
      "flake": false,
      "locked": {
        "lastModified": 1659295052,
        "narHash": "sha256-N6UApdnICmN1TSNEBDc9SO4NTKc5TcbQLu4qxvgHNS4=",
        "owner": "tox-dev",
        "repo": "sphinx-autodoc-typehints",
        "rev": "5bb2358e063e1f10a267d671d298866521fcc37f",
        "type": "github"
      },
      "original": {
        "owner": "tox-dev",
        "ref": "1.19.1",
        "repo": "sphinx-autodoc-typehints",
        "type": "github"
      }
    },
    "sphinxcontrib-images": {
      "flake": false,
      "locked": {
        "lastModified": 1628485095,
        "narHash": "sha256-a02OcjuBX8pEUNE3wMpKvuLEQQ/R8ke2ucRF7+0hCQI=",
        "owner": "sphinx-contrib",
        "repo": "images",
        "rev": "b5747fd3b66a34a8c8c1cee4af4baa8e72286849",
        "type": "github"
      },
      "original": {
        "owner": "sphinx-contrib",
        "ref": "0.9.4",
        "repo": "images",
        "type": "github"
      }
    },
    "sphobjinv": {
      "flake": false,
      "locked": {
        "lastModified": 1647978627,
        "narHash": "sha256-yCL9WwNEgsjDVj7npcTjx+C11SxIcEDMYQOPJUN9qlc=",
        "owner": "bskinn",
        "repo": "sphobjinv",
        "rev": "1b2d5e39d93b72823504ddbb402ff582eda4b6c0",
        "type": "github"
      },
      "original": {
        "owner": "bskinn",
        "ref": "v2.2.2",
        "repo": "sphobjinv",
        "type": "github"
      }
    },
    "stdio-mgr": {
      "flake": false,
      "locked": {
        "lastModified": 1568642666,
        "narHash": "sha256-z4xGehuuWKha8SC//PLrF2HnGRziRXKBTfy850HqFjI=",
        "owner": "bskinn",
        "repo": "stdio-mgr",
        "rev": "9bf5a93d4621a3c1973c7ac16b257842e0c01aa0",
        "type": "github"
      },
      "original": {
        "owner": "bskinn",
        "repo": "stdio-mgr",
        "type": "github"
      }
    }
  },
  "root": "root",
  "version": 7
}
